// !$*UTF8*$!
{
	archiveVersion = 1;
	classes = {
	};
	objectVersion = 46;
	objects = {

/* Begin PBXBuildFile section */
		55154C871A9BAD420083141C /* main.m in Sources */ = {isa = PBXBuildFile; fileRef = 55154C861A9BAD420083141C /* main.m */; };
		55154C8A1A9BAD420083141C /* AppDelegate.m in Sources */ = {isa = PBXBuildFile; fileRef = 55154C891A9BAD420083141C /* AppDelegate.m */; };
		55154C8D1A9BAD420083141C /* exquisite.xcdatamodeld in Sources */ = {isa = PBXBuildFile; fileRef = 55154C8B1A9BAD420083141C /* exquisite.xcdatamodeld */; };
		55154C931A9BAD420083141C /* Main.storyboard in Resources */ = {isa = PBXBuildFile; fileRef = 55154C911A9BAD420083141C /* Main.storyboard */; };
		55154C951A9BAD420083141C /* Images.xcassets in Resources */ = {isa = PBXBuildFile; fileRef = 55154C941A9BAD420083141C /* Images.xcassets */; };
		55154C981A9BAD420083141C /* LaunchScreen.xib in Resources */ = {isa = PBXBuildFile; fileRef = 55154C961A9BAD420083141C /* LaunchScreen.xib */; };
		55154CA41A9BAD420083141C /* exquisiteTests.m in Sources */ = {isa = PBXBuildFile; fileRef = 55154CA31A9BAD420083141C /* exquisiteTests.m */; };
		55154CAF1A9BD7190083141C /* WriteSegmentViewController.m in Sources */ = {isa = PBXBuildFile; fileRef = 55154CAE1A9BD7190083141C /* WriteSegmentViewController.m */; };
		55154CB21A9BD7510083141C /* TimeLineViewController.m in Sources */ = {isa = PBXBuildFile; fileRef = 55154CB11A9BD7510083141C /* TimeLineViewController.m */; };
		55154CB51A9BD76B0083141C /* BrowseStorysViewController.m in Sources */ = {isa = PBXBuildFile; fileRef = 55154CB41A9BD76B0083141C /* BrowseStorysViewController.m */; };
		55154CB81A9BD7880083141C /* ReadStoryViewController.m in Sources */ = {isa = PBXBuildFile; fileRef = 55154CB71A9BD7880083141C /* ReadStoryViewController.m */; };
		55154CBB1A9C0C990083141C /* NetworkController.m in Sources */ = {isa = PBXBuildFile; fileRef = 55154CBA1A9C0C990083141C /* NetworkController.m */; };
		55154CBD1A9C0CF10083141C /* PretendStory.json in Resources */ = {isa = PBXBuildFile; fileRef = 55154CBC1A9C0CF10083141C /* PretendStory.json */; };
		55C790761A9CF326002567A3 /* PretendProfile.json in Resources */ = {isa = PBXBuildFile; fileRef = 55C790751A9CF326002567A3 /* PretendProfile.json */; };
		55C7907A1A9CF36C002567A3 /* PretendStoryBrowers.json in Resources */ = {isa = PBXBuildFile; fileRef = 55C790791A9CF36C002567A3 /* PretendStoryBrowers.json */; };
		55C7907D1A9D5DE4002567A3 /* SwipeShredzViewController.m in Sources */ = {isa = PBXBuildFile; fileRef = 55C7907C1A9D5DE4002567A3 /* SwipeShredzViewController.m */; };
		644CBF6E1A9C079800CE9FF6 /* User.m in Sources */ = {isa = PBXBuildFile; fileRef = 644CBF6D1A9C079700CE9FF6 /* User.m */; };
		644CBF741A9C07B500CE9FF6 /* Story.m in Sources */ = {isa = PBXBuildFile; fileRef = 644CBF731A9C07B500CE9FF6 /* Story.m */; };
		644CBF771A9C087300CE9FF6 /* Level.m in Sources */ = {isa = PBXBuildFile; fileRef = 644CBF761A9C087300CE9FF6 /* Level.m */; };
		644CBF7D1A9C098E00CE9FF6 /* Segment.m in Sources */ = {isa = PBXBuildFile; fileRef = 644CBF7C1A9C098E00CE9FF6 /* Segment.m */; };
		64924D131A9BB086008E3C93 /* devNotes in Resources */ = {isa = PBXBuildFile; fileRef = 64924D121A9BB086008E3C93 /* devNotes */; };
/* End PBXBuildFile section */

/* Begin PBXContainerItemProxy section */
		55154C9E1A9BAD420083141C /* PBXContainerItemProxy */ = {
			isa = PBXContainerItemProxy;
			containerPortal = 55154C791A9BAD420083141C /* Project object */;
			proxyType = 1;
			remoteGlobalIDString = 55154C801A9BAD420083141C;
			remoteInfo = exquisite;
		};
/* End PBXContainerItemProxy section */

/* Begin PBXFileReference section */
		55154C811A9BAD420083141C /* exquisite.app */ = {isa = PBXFileReference; explicitFileType = wrapper.application; includeInIndex = 0; path = exquisite.app; sourceTree = BUILT_PRODUCTS_DIR; };
		55154C851A9BAD420083141C /* Info.plist */ = {isa = PBXFileReference; lastKnownFileType = text.plist.xml; path = Info.plist; sourceTree = "<group>"; };
		55154C861A9BAD420083141C /* main.m */ = {isa = PBXFileReference; lastKnownFileType = sourcecode.c.objc; path = main.m; sourceTree = "<group>"; };
		55154C881A9BAD420083141C /* AppDelegate.h */ = {isa = PBXFileReference; lastKnownFileType = sourcecode.c.h; path = AppDelegate.h; sourceTree = "<group>"; };
		55154C891A9BAD420083141C /* AppDelegate.m */ = {isa = PBXFileReference; lastKnownFileType = sourcecode.c.objc; path = AppDelegate.m; sourceTree = "<group>"; };
		55154C8C1A9BAD420083141C /* exquisite.xcdatamodel */ = {isa = PBXFileReference; lastKnownFileType = wrapper.xcdatamodel; path = exquisite.xcdatamodel; sourceTree = "<group>"; };
		55154C921A9BAD420083141C /* Base */ = {isa = PBXFileReference; lastKnownFileType = file.storyboard; name = Base; path = Base.lproj/Main.storyboard; sourceTree = "<group>"; };
		55154C941A9BAD420083141C /* Images.xcassets */ = {isa = PBXFileReference; lastKnownFileType = folder.assetcatalog; path = Images.xcassets; sourceTree = "<group>"; };
		55154C971A9BAD420083141C /* Base */ = {isa = PBXFileReference; lastKnownFileType = file.xib; name = Base; path = Base.lproj/LaunchScreen.xib; sourceTree = "<group>"; };
		55154C9D1A9BAD420083141C /* exquisiteTests.xctest */ = {isa = PBXFileReference; explicitFileType = wrapper.cfbundle; includeInIndex = 0; path = exquisiteTests.xctest; sourceTree = BUILT_PRODUCTS_DIR; };
		55154CA21A9BAD420083141C /* Info.plist */ = {isa = PBXFileReference; lastKnownFileType = text.plist.xml; path = Info.plist; sourceTree = "<group>"; };
		55154CA31A9BAD420083141C /* exquisiteTests.m */ = {isa = PBXFileReference; lastKnownFileType = sourcecode.c.objc; path = exquisiteTests.m; sourceTree = "<group>"; };
		55154CAD1A9BD7190083141C /* WriteSegmentViewController.h */ = {isa = PBXFileReference; fileEncoding = 4; lastKnownFileType = sourcecode.c.h; path = WriteSegmentViewController.h; sourceTree = "<group>"; };
		55154CAE1A9BD7190083141C /* WriteSegmentViewController.m */ = {isa = PBXFileReference; fileEncoding = 4; lastKnownFileType = sourcecode.c.objc; path = WriteSegmentViewController.m; sourceTree = "<group>"; };
		55154CB01A9BD7510083141C /* TimeLineViewController.h */ = {isa = PBXFileReference; fileEncoding = 4; lastKnownFileType = sourcecode.c.h; path = TimeLineViewController.h; sourceTree = "<group>"; };
		55154CB11A9BD7510083141C /* TimeLineViewController.m */ = {isa = PBXFileReference; fileEncoding = 4; lastKnownFileType = sourcecode.c.objc; path = TimeLineViewController.m; sourceTree = "<group>"; };
		55154CB31A9BD76B0083141C /* BrowseStorysViewController.h */ = {isa = PBXFileReference; fileEncoding = 4; lastKnownFileType = sourcecode.c.h; path = BrowseStorysViewController.h; sourceTree = "<group>"; };
		55154CB41A9BD76B0083141C /* BrowseStorysViewController.m */ = {isa = PBXFileReference; fileEncoding = 4; lastKnownFileType = sourcecode.c.objc; path = BrowseStorysViewController.m; sourceTree = "<group>"; };
		55154CB61A9BD7880083141C /* ReadStoryViewController.h */ = {isa = PBXFileReference; fileEncoding = 4; lastKnownFileType = sourcecode.c.h; path = ReadStoryViewController.h; sourceTree = "<group>"; };
		55154CB71A9BD7880083141C /* ReadStoryViewController.m */ = {isa = PBXFileReference; fileEncoding = 4; lastKnownFileType = sourcecode.c.objc; path = ReadStoryViewController.m; sourceTree = "<group>"; };
		55154CB91A9C0C990083141C /* NetworkController.h */ = {isa = PBXFileReference; fileEncoding = 4; lastKnownFileType = sourcecode.c.h; path = NetworkController.h; sourceTree = "<group>"; };
		55154CBA1A9C0C990083141C /* NetworkController.m */ = {isa = PBXFileReference; fileEncoding = 4; lastKnownFileType = sourcecode.c.objc; path = NetworkController.m; sourceTree = "<group>"; };
		55154CBC1A9C0CF10083141C /* PretendStory.json */ = {isa = PBXFileReference; fileEncoding = 4; lastKnownFileType = text.json; path = PretendStory.json; sourceTree = "<group>"; };
		55C790751A9CF326002567A3 /* PretendProfile.json */ = {isa = PBXFileReference; fileEncoding = 4; lastKnownFileType = text.json; path = PretendProfile.json; sourceTree = "<group>"; };
		55C790791A9CF36C002567A3 /* PretendStoryBrowers.json */ = {isa = PBXFileReference; fileEncoding = 4; lastKnownFileType = text.json; path = PretendStoryBrowers.json; sourceTree = "<group>"; };
		55C7907B1A9D5DE4002567A3 /* SwipeShredzViewController.h */ = {isa = PBXFileReference; fileEncoding = 4; lastKnownFileType = sourcecode.c.h; path = SwipeShredzViewController.h; sourceTree = "<group>"; };
		55C7907C1A9D5DE4002567A3 /* SwipeShredzViewController.m */ = {isa = PBXFileReference; fileEncoding = 4; lastKnownFileType = sourcecode.c.objc; path = SwipeShredzViewController.m; sourceTree = "<group>"; };
		644CBF6C1A9C079700CE9FF6 /* User.h */ = {isa = PBXFileReference; fileEncoding = 4; lastKnownFileType = sourcecode.c.h; path = User.h; sourceTree = "<group>"; };
		644CBF6D1A9C079700CE9FF6 /* User.m */ = {isa = PBXFileReference; fileEncoding = 4; lastKnownFileType = sourcecode.c.objc; path = User.m; sourceTree = "<group>"; };
		644CBF721A9C07B500CE9FF6 /* Story.h */ = {isa = PBXFileReference; fileEncoding = 4; lastKnownFileType = sourcecode.c.h; path = Story.h; sourceTree = "<group>"; };
		644CBF731A9C07B500CE9FF6 /* Story.m */ = {isa = PBXFileReference; fileEncoding = 4; lastKnownFileType = sourcecode.c.objc; path = Story.m; sourceTree = "<group>"; };
		644CBF751A9C087300CE9FF6 /* Level.h */ = {isa = PBXFileReference; fileEncoding = 4; lastKnownFileType = sourcecode.c.h; path = Level.h; sourceTree = "<group>"; };
		644CBF761A9C087300CE9FF6 /* Level.m */ = {isa = PBXFileReference; fileEncoding = 4; lastKnownFileType = sourcecode.c.objc; path = Level.m; sourceTree = "<group>"; };
		644CBF7B1A9C098E00CE9FF6 /* Segment.h */ = {isa = PBXFileReference; fileEncoding = 4; lastKnownFileType = sourcecode.c.h; path = Segment.h; sourceTree = "<group>"; };
		644CBF7C1A9C098E00CE9FF6 /* Segment.m */ = {isa = PBXFileReference; fileEncoding = 4; lastKnownFileType = sourcecode.c.objc; path = Segment.m; sourceTree = "<group>"; };
		64924D121A9BB086008E3C93 /* devNotes */ = {isa = PBXFileReference; fileEncoding = 4; lastKnownFileType = text; path = devNotes; sourceTree = "<group>"; };
/* End PBXFileReference section */

/* Begin PBXFrameworksBuildPhase section */
		55154C7E1A9BAD420083141C /* Frameworks */ = {
			isa = PBXFrameworksBuildPhase;
			buildActionMask = 2147483647;
			files = (
			);
			runOnlyForDeploymentPostprocessing = 0;
		};
		55154C9A1A9BAD420083141C /* Frameworks */ = {
			isa = PBXFrameworksBuildPhase;
			buildActionMask = 2147483647;
			files = (
			);
			runOnlyForDeploymentPostprocessing = 0;
		};
/* End PBXFrameworksBuildPhase section */

/* Begin PBXGroup section */
		55154C781A9BAD420083141C = {
			isa = PBXGroup;
			children = (
				64924D121A9BB086008E3C93 /* devNotes */,
				55154C831A9BAD420083141C /* exquisite */,
				55154CA01A9BAD420083141C /* exquisiteTests */,
				55154C821A9BAD420083141C /* Products */,
			);
			sourceTree = "<group>";
		};
		55154C821A9BAD420083141C /* Products */ = {
			isa = PBXGroup;
			children = (
				55154C811A9BAD420083141C /* exquisite.app */,
				55154C9D1A9BAD420083141C /* exquisiteTests.xctest */,
			);
			name = Products;
			sourceTree = "<group>";
		};
		55154C831A9BAD420083141C /* exquisite */ = {
			isa = PBXGroup;
			children = (
				55154C881A9BAD420083141C /* AppDelegate.h */,
				55154C891A9BAD420083141C /* AppDelegate.m */,
				55154C911A9BAD420083141C /* Main.storyboard */,
				644CBF6C1A9C079700CE9FF6 /* User.h */,
				644CBF6D1A9C079700CE9FF6 /* User.m */,
				644CBF751A9C087300CE9FF6 /* Level.h */,
				644CBF761A9C087300CE9FF6 /* Level.m */,
				644CBF7B1A9C098E00CE9FF6 /* Segment.h */,
				644CBF7C1A9C098E00CE9FF6 /* Segment.m */,
				644CBF721A9C07B500CE9FF6 /* Story.h */,
				644CBF731A9C07B500CE9FF6 /* Story.m */,
				55154CB91A9C0C990083141C /* NetworkController.h */,
				55154CBA1A9C0C990083141C /* NetworkController.m */,
				55154CBC1A9C0CF10083141C /* PretendStory.json */,
				55C790791A9CF36C002567A3 /* PretendStoryBrowers.json */,
				55C790751A9CF326002567A3 /* PretendProfile.json */,
				55154CAD1A9BD7190083141C /* WriteSegmentViewController.h */,
				55154CAE1A9BD7190083141C /* WriteSegmentViewController.m */,
				55C7907B1A9D5DE4002567A3 /* SwipeShredzViewController.h */,
				55C7907C1A9D5DE4002567A3 /* SwipeShredzViewController.m */,
				55154CB01A9BD7510083141C /* TimeLineViewController.h */,
				55154CB11A9BD7510083141C /* TimeLineViewController.m */,
				55154CB31A9BD76B0083141C /* BrowseStorysViewController.h */,
				55154CB41A9BD76B0083141C /* BrowseStorysViewController.m */,
				55154CB61A9BD7880083141C /* ReadStoryViewController.h */,
				55154CB71A9BD7880083141C /* ReadStoryViewController.m */,
				55154C941A9BAD420083141C /* Images.xcassets */,
				55154C961A9BAD420083141C /* LaunchScreen.xib */,
				55154C8B1A9BAD420083141C /* exquisite.xcdatamodeld */,
				55154C841A9BAD420083141C /* Supporting Files */,
			);
			path = exquisite;
			sourceTree = "<group>";
		};
		55154C841A9BAD420083141C /* Supporting Files */ = {
			isa = PBXGroup;
			children = (
				55154C851A9BAD420083141C /* Info.plist */,
				55154C861A9BAD420083141C /* main.m */,
			);
			name = "Supporting Files";
			sourceTree = "<group>";
		};
		55154CA01A9BAD420083141C /* exquisiteTests */ = {
			isa = PBXGroup;
			children = (
				55154CA31A9BAD420083141C /* exquisiteTests.m */,
				55154CA11A9BAD420083141C /* Supporting Files */,
			);
			path = exquisiteTests;
			sourceTree = "<group>";
		};
		55154CA11A9BAD420083141C /* Supporting Files */ = {
			isa = PBXGroup;
			children = (
				55154CA21A9BAD420083141C /* Info.plist */,
			);
			name = "Supporting Files";
			sourceTree = "<group>";
		};
/* End PBXGroup section */

/* Begin PBXNativeTarget section */
		55154C801A9BAD420083141C /* exquisite */ = {
			isa = PBXNativeTarget;
			buildConfigurationList = 55154CA71A9BAD420083141C /* Build configuration list for PBXNativeTarget "exquisite" */;
			buildPhases = (
				55154C7D1A9BAD420083141C /* Sources */,
				55154C7E1A9BAD420083141C /* Frameworks */,
				55154C7F1A9BAD420083141C /* Resources */,
			);
			buildRules = (
			);
			dependencies = (
			);
			name = exquisite;
			productName = exquisite;
			productReference = 55154C811A9BAD420083141C /* exquisite.app */;
			productType = "com.apple.product-type.application";
		};
		55154C9C1A9BAD420083141C /* exquisiteTests */ = {
			isa = PBXNativeTarget;
			buildConfigurationList = 55154CAA1A9BAD420083141C /* Build configuration list for PBXNativeTarget "exquisiteTests" */;
			buildPhases = (
				55154C991A9BAD420083141C /* Sources */,
				55154C9A1A9BAD420083141C /* Frameworks */,
				55154C9B1A9BAD420083141C /* Resources */,
			);
			buildRules = (
			);
			dependencies = (
				55154C9F1A9BAD420083141C /* PBXTargetDependency */,
			);
			name = exquisiteTests;
			productName = exquisiteTests;
			productReference = 55154C9D1A9BAD420083141C /* exquisiteTests.xctest */;
			productType = "com.apple.product-type.bundle.unit-test";
		};
/* End PBXNativeTarget section */

/* Begin PBXProject section */
		55154C791A9BAD420083141C /* Project object */ = {
			isa = PBXProject;
			attributes = {
				LastUpgradeCheck = 0610;
				ORGANIZATIONNAME = nacnud;
				TargetAttributes = {
					55154C801A9BAD420083141C = {
						CreatedOnToolsVersion = 6.1.1;
					};
					55154C9C1A9BAD420083141C = {
						CreatedOnToolsVersion = 6.1.1;
						TestTargetID = 55154C801A9BAD420083141C;
					};
				};
			};
			buildConfigurationList = 55154C7C1A9BAD420083141C /* Build configuration list for PBXProject "exquisite" */;
			compatibilityVersion = "Xcode 3.2";
			developmentRegion = English;
			hasScannedForEncodings = 0;
			knownRegions = (
				en,
				Base,
			);
			mainGroup = 55154C781A9BAD420083141C;
			productRefGroup = 55154C821A9BAD420083141C /* Products */;
			projectDirPath = "";
			projectRoot = "";
			targets = (
				55154C801A9BAD420083141C /* exquisite */,
				55154C9C1A9BAD420083141C /* exquisiteTests */,
			);
		};
/* End PBXProject section */

/* Begin PBXResourcesBuildPhase section */
		55154C7F1A9BAD420083141C /* Resources */ = {
			isa = PBXResourcesBuildPhase;
			buildActionMask = 2147483647;
			files = (
				55C7907A1A9CF36C002567A3 /* PretendStoryBrowers.json in Resources */,
				55154CBD1A9C0CF10083141C /* PretendStory.json in Resources */,
				64924D131A9BB086008E3C93 /* devNotes in Resources */,
				55C790761A9CF326002567A3 /* PretendProfile.json in Resources */,
				55154C931A9BAD420083141C /* Main.storyboard in Resources */,
				55154C981A9BAD420083141C /* LaunchScreen.xib in Resources */,
				55154C951A9BAD420083141C /* Images.xcassets in Resources */,
			);
			runOnlyForDeploymentPostprocessing = 0;
		};
		55154C9B1A9BAD420083141C /* Resources */ = {
			isa = PBXResourcesBuildPhase;
			buildActionMask = 2147483647;
			files = (
			);
			runOnlyForDeploymentPostprocessing = 0;
		};
/* End PBXResourcesBuildPhase section */

/* Begin PBXSourcesBuildPhase section */
		55154C7D1A9BAD420083141C /* Sources */ = {
			isa = PBXSourcesBuildPhase;
			buildActionMask = 2147483647;
			files = (
				644CBF6E1A9C079800CE9FF6 /* User.m in Sources */,
				644CBF771A9C087300CE9FF6 /* Level.m in Sources */,
				55154CB81A9BD7880083141C /* ReadStoryViewController.m in Sources */,
				55154CAF1A9BD7190083141C /* WriteSegmentViewController.m in Sources */,
				55154CBB1A9C0C990083141C /* NetworkController.m in Sources */,
				644CBF741A9C07B500CE9FF6 /* Story.m in Sources */,
				55154CB51A9BD76B0083141C /* BrowseStorysViewController.m in Sources */,
				55C7907D1A9D5DE4002567A3 /* SwipeShredzViewController.m in Sources */,
				644CBF7D1A9C098E00CE9FF6 /* Segment.m in Sources */,
				55154CB21A9BD7510083141C /* TimeLineViewController.m in Sources */,
				55154C8D1A9BAD420083141C /* exquisite.xcdatamodeld in Sources */,
				55154C8A1A9BAD420083141C /* AppDelegate.m in Sources */,
				55154C871A9BAD420083141C /* main.m in Sources */,
			);
			runOnlyForDeploymentPostprocessing = 0;
		};
		55154C991A9BAD420083141C /* Sources */ = {
			isa = PBXSourcesBuildPhase;
			buildActionMask = 2147483647;
			files = (
				55154CA41A9BAD420083141C /* exquisiteTests.m in Sources */,
			);
			runOnlyForDeploymentPostprocessing = 0;
		};
/* End PBXSourcesBuildPhase section */

/* Begin PBXTargetDependency section */
		55154C9F1A9BAD420083141C /* PBXTargetDependency */ = {
			isa = PBXTargetDependency;
			target = 55154C801A9BAD420083141C /* exquisite */;
			targetProxy = 55154C9E1A9BAD420083141C /* PBXContainerItemProxy */;
		};
/* End PBXTargetDependency section */

/* Begin PBXVariantGroup section */
		55154C911A9BAD420083141C /* Main.storyboard */ = {
			isa = PBXVariantGroup;
			children = (
				55154C921A9BAD420083141C /* Base */,
			);
			name = Main.storyboard;
			sourceTree = "<group>";
		};
		55154C961A9BAD420083141C /* LaunchScreen.xib */ = {
			isa = PBXVariantGroup;
			children = (
				55154C971A9BAD420083141C /* Base */,
			);
			name = LaunchScreen.xib;
			sourceTree = "<group>";
		};
/* End PBXVariantGroup section */

/* Begin XCBuildConfiguration section */
		55154CA51A9BAD420083141C /* Debug */ = {
			isa = XCBuildConfiguration;
			buildSettings = {
				ALWAYS_SEARCH_USER_PATHS = NO;
				CLANG_CXX_LANGUAGE_STANDARD = "gnu++0x";
				CLANG_CXX_LIBRARY = "libc++";
				CLANG_ENABLE_MODULES = YES;
				CLANG_ENABLE_OBJC_ARC = YES;
				CLANG_WARN_BOOL_CONVERSION = YES;
				CLANG_WARN_CONSTANT_CONVERSION = YES;
				CLANG_WARN_DIRECT_OBJC_ISA_USAGE = YES_ERROR;
				CLANG_WARN_EMPTY_BODY = YES;
				CLANG_WARN_ENUM_CONVERSION = YES;
				CLANG_WARN_INT_CONVERSION = YES;
				CLANG_WARN_OBJC_ROOT_CLASS = YES_ERROR;
				CLANG_WARN_UNREACHABLE_CODE = YES;
				CLANG_WARN__DUPLICATE_METHOD_MATCH = YES;
				"CODE_SIGN_IDENTITY[sdk=iphoneos*]" = "iPhone Developer";
				COPY_PHASE_STRIP = NO;
				ENABLE_STRICT_OBJC_MSGSEND = YES;
				GCC_C_LANGUAGE_STANDARD = gnu99;
				GCC_DYNAMIC_NO_PIC = NO;
				GCC_OPTIMIZATION_LEVEL = 0;
				GCC_PREPROCESSOR_DEFINITIONS = (
					"DEBUG=1",
					"$(inherited)",
				);
				GCC_SYMBOLS_PRIVATE_EXTERN = NO;
				GCC_WARN_64_TO_32_BIT_CONVERSION = YES;
				GCC_WARN_ABOUT_RETURN_TYPE = YES_ERROR;
				GCC_WARN_UNDECLARED_SELECTOR = YES;
				GCC_WARN_UNINITIALIZED_AUTOS = YES_AGGRESSIVE;
				GCC_WARN_UNUSED_FUNCTION = YES;
				GCC_WARN_UNUSED_VARIABLE = YES;
				IPHONEOS_DEPLOYMENT_TARGET = 8.1;
				MTL_ENABLE_DEBUG_INFO = YES;
				ONLY_ACTIVE_ARCH = YES;
				SDKROOT = iphoneos;
				TARGETED_DEVICE_FAMILY = "1,2";
			};
			name = Debug;
		};
		55154CA61A9BAD420083141C /* Release */ = {
			isa = XCBuildConfiguration;
			buildSettings = {
				ALWAYS_SEARCH_USER_PATHS = NO;
				CLANG_CXX_LANGUAGE_STANDARD = "gnu++0x";
				CLANG_CXX_LIBRARY = "libc++";
				CLANG_ENABLE_MODULES = YES;
				CLANG_ENABLE_OBJC_ARC = YES;
				CLANG_WARN_BOOL_CONVERSION = YES;
				CLANG_WARN_CONSTANT_CONVERSION = YES;
				CLANG_WARN_DIRECT_OBJC_ISA_USAGE = YES_ERROR;
				CLANG_WARN_EMPTY_BODY = YES;
				CLANG_WARN_ENUM_CONVERSION = YES;
				CLANG_WARN_INT_CONVERSION = YES;
				CLANG_WARN_OBJC_ROOT_CLASS = YES_ERROR;
				CLANG_WARN_UNREACHABLE_CODE = YES;
				CLANG_WARN__DUPLICATE_METHOD_MATCH = YES;
				"CODE_SIGN_IDENTITY[sdk=iphoneos*]" = "iPhone Developer";
				COPY_PHASE_STRIP = YES;
				ENABLE_NS_ASSERTIONS = NO;
				ENABLE_STRICT_OBJC_MSGSEND = YES;
				GCC_C_LANGUAGE_STANDARD = gnu99;
				GCC_WARN_64_TO_32_BIT_CONVERSION = YES;
				GCC_WARN_ABOUT_RETURN_TYPE = YES_ERROR;
				GCC_WARN_UNDECLARED_SELECTOR = YES;
				GCC_WARN_UNINITIALIZED_AUTOS = YES_AGGRESSIVE;
				GCC_WARN_UNUSED_FUNCTION = YES;
				GCC_WARN_UNUSED_VARIABLE = YES;
				IPHONEOS_DEPLOYMENT_TARGET = 8.1;
				MTL_ENABLE_DEBUG_INFO = NO;
				SDKROOT = iphoneos;
				TARGETED_DEVICE_FAMILY = "1,2";
				VALIDATE_PRODUCT = YES;
			};
			name = Release;
		};
		55154CA81A9BAD420083141C /* Debug */ = {
			isa = XCBuildConfiguration;
			buildSettings = {
				ASSETCATALOG_COMPILER_APPICON_NAME = AppIcon;
				INFOPLIST_FILE = exquisite/Info.plist;
				LD_RUNPATH_SEARCH_PATHS = "$(inherited) @executable_path/Frameworks";
				PRODUCT_NAME = "$(TARGET_NAME)";
			};
			name = Debug;
		};
		55154CA91A9BAD420083141C /* Release */ = {
			isa = XCBuildConfiguration;
			buildSettings = {
				ASSETCATALOG_COMPILER_APPICON_NAME = AppIcon;
				INFOPLIST_FILE = exquisite/Info.plist;
				LD_RUNPATH_SEARCH_PATHS = "$(inherited) @executable_path/Frameworks";
				PRODUCT_NAME = "$(TARGET_NAME)";
			};
			name = Release;
		};
		55154CAB1A9BAD420083141C /* Debug */ = {
			isa = XCBuildConfiguration;
			buildSettings = {
				BUNDLE_LOADER = "$(TEST_HOST)";
				FRAMEWORK_SEARCH_PATHS = (
					"$(SDKROOT)/Developer/Library/Frameworks",
					"$(inherited)",
				);
				GCC_PREPROCESSOR_DEFINITIONS = (
					"DEBUG=1",
					"$(inherited)",
				);
				INFOPLIST_FILE = exquisiteTests/Info.plist;
				LD_RUNPATH_SEARCH_PATHS = "$(inherited) @executable_path/Frameworks @loader_path/Frameworks";
				PRODUCT_NAME = "$(TARGET_NAME)";
				TEST_HOST = "$(BUILT_PRODUCTS_DIR)/exquisite.app/exquisite";
			};
			name = Debug;
		};
		55154CAC1A9BAD420083141C /* Release */ = {
			isa = XCBuildConfiguration;
			buildSettings = {
				BUNDLE_LOADER = "$(TEST_HOST)";
				FRAMEWORK_SEARCH_PATHS = (
					"$(SDKROOT)/Developer/Library/Frameworks",
					"$(inherited)",
				);
				INFOPLIST_FILE = exquisiteTests/Info.plist;
				LD_RUNPATH_SEARCH_PATHS = "$(inherited) @executable_path/Frameworks @loader_path/Frameworks";
				PRODUCT_NAME = "$(TARGET_NAME)";
				TEST_HOST = "$(BUILT_PRODUCTS_DIR)/exquisite.app/exquisite";
			};
			name = Release;
		};
/* End XCBuildConfiguration section */

/* Begin XCConfigurationList section */
		55154C7C1A9BAD420083141C /* Build configuration list for PBXProject "exquisite" */ = {
			isa = XCConfigurationList;
			buildConfigurations = (
				55154CA51A9BAD420083141C /* Debug */,
				55154CA61A9BAD420083141C /* Release */,
			);
			defaultConfigurationIsVisible = 0;
			defaultConfigurationName = Release;
		};
		55154CA71A9BAD420083141C /* Build configuration list for PBXNativeTarget "exquisite" */ = {
			isa = XCConfigurationList;
			buildConfigurations = (
				55154CA81A9BAD420083141C /* Debug */,
				55154CA91A9BAD420083141C /* Release */,
			);
			defaultConfigurationIsVisible = 0;
			defaultConfigurationName = Release;
		};
		55154CAA1A9BAD420083141C /* Build configuration list for PBXNativeTarget "exquisiteTests" */ = {
			isa = XCConfigurationList;
			buildConfigurations = (
				55154CAB1A9BAD420083141C /* Debug */,
				55154CAC1A9BAD420083141C /* Release */,
			);
			defaultConfigurationIsVisible = 0;
			defaultConfigurationName = Release;
		};
/* End XCConfigurationList section */

/* Begin XCVersionGroup section */
		55154C8B1A9BAD420083141C /* exquisite.xcdatamodeld */ = {
			isa = XCVersionGroup;
			children = (
				55154C8C1A9BAD420083141C /* exquisite.xcdatamodel */,
			);
			currentVersion = 55154C8C1A9BAD420083141C /* exquisite.xcdatamodel */;
			path = exquisite.xcdatamodeld;
			sourceTree = "<group>";
			versionGroupType = wrapper.xcdatamodel;
		};
/* End XCVersionGroup section */
	};
	rootObject = 55154C791A9BAD420083141C /* Project object */;
}
